// !$*UTF8*$!
{
	archiveVersion = 1;
	classes = {
	};
	objectVersion = 50;
	objects = {

/* Begin PBXBuildFile section */
		3F6F55FA2415D63800C5FD32 /* AppDelegate.m in Sources */ = {isa = PBXBuildFile; fileRef = 3F6F55F92415D63800C5FD32 /* AppDelegate.m */; };
		3F6F56002415D63800C5FD32 /* ViewController.m in Sources */ = {isa = PBXBuildFile; fileRef = 3F6F55FF2415D63800C5FD32 /* ViewController.m */; };
		3F6F56032415D63800C5FD32 /* Main.storyboard in Resources */ = {isa = PBXBuildFile; fileRef = 3F6F56012415D63800C5FD32 /* Main.storyboard */; };
		3F6F56052415D63900C5FD32 /* Assets.xcassets in Resources */ = {isa = PBXBuildFile; fileRef = 3F6F56042415D63900C5FD32 /* Assets.xcassets */; };
		3F6F56082415D63900C5FD32 /* LaunchScreen.storyboard in Resources */ = {isa = PBXBuildFile; fileRef = 3F6F56062415D63900C5FD32 /* LaunchScreen.storyboard */; };
		3F6F560B2415D63900C5FD32 /* main.m in Sources */ = {isa = PBXBuildFile; fileRef = 3F6F560A2415D63900C5FD32 /* main.m */; };
		3F6F56152415D63900C5FD32 /* demoTests.m in Sources */ = {isa = PBXBuildFile; fileRef = 3F6F56142415D63900C5FD32 /* demoTests.m */; };
		3F6F56202415D63900C5FD32 /* demoUITests.m in Sources */ = {isa = PBXBuildFile; fileRef = 3F6F561F2415D63900C5FD32 /* demoUITests.m */; };
		3FF168BF256BF37100ACFF7A /* UIView+Size.m in Sources */ = {isa = PBXBuildFile; fileRef = 3FF168BE256BF37100ACFF7A /* UIView+Size.m */; };
		3FF168C2256BF46300ACFF7A /* UIColor+HexColor.m in Sources */ = {isa = PBXBuildFile; fileRef = 3FF168C1256BF46300ACFF7A /* UIColor+HexColor.m */; };
		3FF168C5256BF58000ACFF7A /* JYZJCircularCollectionViewLayout.m in Sources */ = {isa = PBXBuildFile; fileRef = 3FF168C4256BF58000ACFF7A /* JYZJCircularCollectionViewLayout.m */; };
		3FF168C8256BF60900ACFF7A /* JYZJHotFormulaCell.m in Sources */ = {isa = PBXBuildFile; fileRef = 3FF168C7256BF60900ACFF7A /* JYZJHotFormulaCell.m */; };
		3FF168CB256BF7EE00ACFF7A /* JYZJFormulaRecommendationView.m in Sources */ = {isa = PBXBuildFile; fileRef = 3FF168CA256BF7EE00ACFF7A /* JYZJFormulaRecommendationView.m */; };
		3FF168D0256BF88B00ACFF7A /* JYZJFormulaRightBackView.m in Sources */ = {isa = PBXBuildFile; fileRef = 3FF168CF256BF88B00ACFF7A /* JYZJFormulaRightBackView.m */; };
/* End PBXBuildFile section */

/* Begin PBXContainerItemProxy section */
		3F6F56112415D63900C5FD32 /* PBXContainerItemProxy */ = {
			isa = PBXContainerItemProxy;
			containerPortal = 3F6F55ED2415D63800C5FD32 /* Project object */;
			proxyType = 1;
			remoteGlobalIDString = 3F6F55F42415D63800C5FD32;
			remoteInfo = demo;
		};
		3F6F561C2415D63900C5FD32 /* PBXContainerItemProxy */ = {
			isa = PBXContainerItemProxy;
			containerPortal = 3F6F55ED2415D63800C5FD32 /* Project object */;
			proxyType = 1;
			remoteGlobalIDString = 3F6F55F42415D63800C5FD32;
			remoteInfo = demo;
		};
/* End PBXContainerItemProxy section */

/* Begin PBXFileReference section */
		3F6F55F52415D63800C5FD32 /* demo.app */ = {isa = PBXFileReference; explicitFileType = wrapper.application; includeInIndex = 0; path = demo.app; sourceTree = BUILT_PRODUCTS_DIR; };
		3F6F55F82415D63800C5FD32 /* AppDelegate.h */ = {isa = PBXFileReference; lastKnownFileType = sourcecode.c.h; path = AppDelegate.h; sourceTree = "<group>"; };
		3F6F55F92415D63800C5FD32 /* AppDelegate.m */ = {isa = PBXFileReference; lastKnownFileType = sourcecode.c.objc; path = AppDelegate.m; sourceTree = "<group>"; };
		3F6F55FE2415D63800C5FD32 /* ViewController.h */ = {isa = PBXFileReference; lastKnownFileType = sourcecode.c.h; path = ViewController.h; sourceTree = "<group>"; };
		3F6F55FF2415D63800C5FD32 /* ViewController.m */ = {isa = PBXFileReference; lastKnownFileType = sourcecode.c.objc; path = ViewController.m; sourceTree = "<group>"; };
		3F6F56022415D63800C5FD32 /* Base */ = {isa = PBXFileReference; lastKnownFileType = file.storyboard; name = Base; path = Base.lproj/Main.storyboard; sourceTree = "<group>"; };
		3F6F56042415D63900C5FD32 /* Assets.xcassets */ = {isa = PBXFileReference; lastKnownFileType = folder.assetcatalog; path = Assets.xcassets; sourceTree = "<group>"; };
		3F6F56072415D63900C5FD32 /* Base */ = {isa = PBXFileReference; lastKnownFileType = file.storyboard; name = Base; path = Base.lproj/LaunchScreen.storyboard; sourceTree = "<group>"; };
		3F6F56092415D63900C5FD32 /* Info.plist */ = {isa = PBXFileReference; lastKnownFileType = text.plist.xml; path = Info.plist; sourceTree = "<group>"; };
		3F6F560A2415D63900C5FD32 /* main.m */ = {isa = PBXFileReference; lastKnownFileType = sourcecode.c.objc; path = main.m; sourceTree = "<group>"; };
		3F6F56102415D63900C5FD32 /* demoTests.xctest */ = {isa = PBXFileReference; explicitFileType = wrapper.cfbundle; includeInIndex = 0; path = demoTests.xctest; sourceTree = BUILT_PRODUCTS_DIR; };
		3F6F56142415D63900C5FD32 /* demoTests.m */ = {isa = PBXFileReference; lastKnownFileType = sourcecode.c.objc; path = demoTests.m; sourceTree = "<group>"; };
		3F6F56162415D63900C5FD32 /* Info.plist */ = {isa = PBXFileReference; lastKnownFileType = text.plist.xml; path = Info.plist; sourceTree = "<group>"; };
		3F6F561B2415D63900C5FD32 /* demoUITests.xctest */ = {isa = PBXFileReference; explicitFileType = wrapper.cfbundle; includeInIndex = 0; path = demoUITests.xctest; sourceTree = BUILT_PRODUCTS_DIR; };
		3F6F561F2415D63900C5FD32 /* demoUITests.m */ = {isa = PBXFileReference; lastKnownFileType = sourcecode.c.objc; path = demoUITests.m; sourceTree = "<group>"; };
		3F6F56212415D63900C5FD32 /* Info.plist */ = {isa = PBXFileReference; lastKnownFileType = text.plist.xml; path = Info.plist; sourceTree = "<group>"; };
		3FF168BD256BF37100ACFF7A /* UIView+Size.h */ = {isa = PBXFileReference; lastKnownFileType = sourcecode.c.h; path = "UIView+Size.h"; sourceTree = "<group>"; };
		3FF168BE256BF37100ACFF7A /* UIView+Size.m */ = {isa = PBXFileReference; lastKnownFileType = sourcecode.c.objc; path = "UIView+Size.m"; sourceTree = "<group>"; };
		3FF168C0256BF46300ACFF7A /* UIColor+HexColor.h */ = {isa = PBXFileReference; lastKnownFileType = sourcecode.c.h; path = "UIColor+HexColor.h"; sourceTree = "<group>"; };
		3FF168C1256BF46300ACFF7A /* UIColor+HexColor.m */ = {isa = PBXFileReference; lastKnownFileType = sourcecode.c.objc; path = "UIColor+HexColor.m"; sourceTree = "<group>"; };
		3FF168C3256BF58000ACFF7A /* JYZJCircularCollectionViewLayout.h */ = {isa = PBXFileReference; lastKnownFileType = sourcecode.c.h; path = JYZJCircularCollectionViewLayout.h; sourceTree = "<group>"; };
		3FF168C4256BF58000ACFF7A /* JYZJCircularCollectionViewLayout.m */ = {isa = PBXFileReference; lastKnownFileType = sourcecode.c.objc; path = JYZJCircularCollectionViewLayout.m; sourceTree = "<group>"; };
		3FF168C6256BF60900ACFF7A /* JYZJHotFormulaCell.h */ = {isa = PBXFileReference; lastKnownFileType = sourcecode.c.h; path = JYZJHotFormulaCell.h; sourceTree = "<group>"; };
		3FF168C7256BF60900ACFF7A /* JYZJHotFormulaCell.m */ = {isa = PBXFileReference; lastKnownFileType = sourcecode.c.objc; path = JYZJHotFormulaCell.m; sourceTree = "<group>"; };
		3FF168C9256BF7EE00ACFF7A /* JYZJFormulaRecommendationView.h */ = {isa = PBXFileReference; lastKnownFileType = sourcecode.c.h; path = JYZJFormulaRecommendationView.h; sourceTree = "<group>"; };
		3FF168CA256BF7EE00ACFF7A /* JYZJFormulaRecommendationView.m */ = {isa = PBXFileReference; lastKnownFileType = sourcecode.c.objc; path = JYZJFormulaRecommendationView.m; sourceTree = "<group>"; };
		3FF168CE256BF88B00ACFF7A /* JYZJFormulaRightBackView.h */ = {isa = PBXFileReference; lastKnownFileType = sourcecode.c.h; path = JYZJFormulaRightBackView.h; sourceTree = "<group>"; };
		3FF168CF256BF88B00ACFF7A /* JYZJFormulaRightBackView.m */ = {isa = PBXFileReference; lastKnownFileType = sourcecode.c.objc; path = JYZJFormulaRightBackView.m; sourceTree = "<group>"; };
		3FF168D1256BF94B00ACFF7A /* PrefixHeader.pch */ = {isa = PBXFileReference; lastKnownFileType = sourcecode.c.h; path = PrefixHeader.pch; sourceTree = "<group>"; };
/* End PBXFileReference section */

/* Begin PBXFrameworksBuildPhase section */
		3F6F55F22415D63800C5FD32 /* Frameworks */ = {
			isa = PBXFrameworksBuildPhase;
			buildActionMask = 2147483647;
			files = (
			);
			runOnlyForDeploymentPostprocessing = 0;
		};
		3F6F560D2415D63900C5FD32 /* Frameworks */ = {
			isa = PBXFrameworksBuildPhase;
			buildActionMask = 2147483647;
			files = (
			);
			runOnlyForDeploymentPostprocessing = 0;
		};
		3F6F56182415D63900C5FD32 /* Frameworks */ = {
			isa = PBXFrameworksBuildPhase;
			buildActionMask = 2147483647;
			files = (
			);
			runOnlyForDeploymentPostprocessing = 0;
		};
/* End PBXFrameworksBuildPhase section */

/* Begin PBXGroup section */
		3F6F55EC2415D63800C5FD32 = {
			isa = PBXGroup;
			children = (
				3F6F55F72415D63800C5FD32 /* demo */,
				3F6F56132415D63900C5FD32 /* demoTests */,
				3F6F561E2415D63900C5FD32 /* demoUITests */,
				3F6F55F62415D63800C5FD32 /* Products */,
			);
			sourceTree = "<group>";
		};
		3F6F55F62415D63800C5FD32 /* Products */ = {
			isa = PBXGroup;
			children = (
				3F6F55F52415D63800C5FD32 /* demo.app */,
				3F6F56102415D63900C5FD32 /* demoTests.xctest */,
				3F6F561B2415D63900C5FD32 /* demoUITests.xctest */,
			);
			name = Products;
			sourceTree = "<group>";
		};
		3F6F55F72415D63800C5FD32 /* demo */ = {
			isa = PBXGroup;
			children = (
				3FF168CD256BF83100ACFF7A /* Vendor */,
				3FF168CC256BF81200ACFF7A /* Category */,
				3F6F55F82415D63800C5FD32 /* AppDelegate.h */,
				3F6F55F92415D63800C5FD32 /* AppDelegate.m */,
				3F6F55FE2415D63800C5FD32 /* ViewController.h */,
				3F6F55FF2415D63800C5FD32 /* ViewController.m */,
				3FF168C3256BF58000ACFF7A /* JYZJCircularCollectionViewLayout.h */,
				3FF168C4256BF58000ACFF7A /* JYZJCircularCollectionViewLayout.m */,
				3FF168C6256BF60900ACFF7A /* JYZJHotFormulaCell.h */,
				3FF168C7256BF60900ACFF7A /* JYZJHotFormulaCell.m */,
				3FF168CE256BF88B00ACFF7A /* JYZJFormulaRightBackView.h */,
				3FF168CF256BF88B00ACFF7A /* JYZJFormulaRightBackView.m */,
				3FF168C9256BF7EE00ACFF7A /* JYZJFormulaRecommendationView.h */,
				3FF168CA256BF7EE00ACFF7A /* JYZJFormulaRecommendationView.m */,
				3FF168D1256BF94B00ACFF7A /* PrefixHeader.pch */,
				3F6F56012415D63800C5FD32 /* Main.storyboard */,
				3F6F56042415D63900C5FD32 /* Assets.xcassets */,
				3F6F56062415D63900C5FD32 /* LaunchScreen.storyboard */,
				3F6F56092415D63900C5FD32 /* Info.plist */,
				3F6F560A2415D63900C5FD32 /* main.m */,
			);
			path = demo;
			sourceTree = "<group>";
		};
		3F6F56132415D63900C5FD32 /* demoTests */ = {
			isa = PBXGroup;
			children = (
				3F6F56142415D63900C5FD32 /* demoTests.m */,
				3F6F56162415D63900C5FD32 /* Info.plist */,
			);
			path = demoTests;
			sourceTree = "<group>";
		};
		3F6F561E2415D63900C5FD32 /* demoUITests */ = {
			isa = PBXGroup;
			children = (
				3F6F561F2415D63900C5FD32 /* demoUITests.m */,
				3F6F56212415D63900C5FD32 /* Info.plist */,
			);
			path = demoUITests;
			sourceTree = "<group>";
		};
		3FF168CC256BF81200ACFF7A /* Category */ = {
			isa = PBXGroup;
			children = (
				3FF168BD256BF37100ACFF7A /* UIView+Size.h */,
				3FF168BE256BF37100ACFF7A /* UIView+Size.m */,
				3FF168C0256BF46300ACFF7A /* UIColor+HexColor.h */,
				3FF168C1256BF46300ACFF7A /* UIColor+HexColor.m */,
			);
			path = Category;
			sourceTree = "<group>";
		};
		3FF168CD256BF83100ACFF7A /* Vendor */ = {
			isa = PBXGroup;
			children = (
			);
			path = Vendor;
			sourceTree = "<group>";
		};
/* End PBXGroup section */

/* Begin PBXNativeTarget section */
		3F6F55F42415D63800C5FD32 /* demo */ = {
			isa = PBXNativeTarget;
			buildConfigurationList = 3F6F56242415D63900C5FD32 /* Build configuration list for PBXNativeTarget "demo" */;
			buildPhases = (
				3F6F55F12415D63800C5FD32 /* Sources */,
				3F6F55F22415D63800C5FD32 /* Frameworks */,
				3F6F55F32415D63800C5FD32 /* Resources */,
			);
			buildRules = (
			);
			dependencies = (
			);
			name = demo;
			productName = demo;
			productReference = 3F6F55F52415D63800C5FD32 /* demo.app */;
			productType = "com.apple.product-type.application";
		};
		3F6F560F2415D63900C5FD32 /* demoTests */ = {
			isa = PBXNativeTarget;
			buildConfigurationList = 3F6F56272415D63900C5FD32 /* Build configuration list for PBXNativeTarget "demoTests" */;
			buildPhases = (
				3F6F560C2415D63900C5FD32 /* Sources */,
				3F6F560D2415D63900C5FD32 /* Frameworks */,
				3F6F560E2415D63900C5FD32 /* Resources */,
			);
			buildRules = (
			);
			dependencies = (
				3F6F56122415D63900C5FD32 /* PBXTargetDependency */,
			);
			name = demoTests;
			productName = demoTests;
			productReference = 3F6F56102415D63900C5FD32 /* demoTests.xctest */;
			productType = "com.apple.product-type.bundle.unit-test";
		};
		3F6F561A2415D63900C5FD32 /* demoUITests */ = {
			isa = PBXNativeTarget;
			buildConfigurationList = 3F6F562A2415D63900C5FD32 /* Build configuration list for PBXNativeTarget "demoUITests" */;
			buildPhases = (
				3F6F56172415D63900C5FD32 /* Sources */,
				3F6F56182415D63900C5FD32 /* Frameworks */,
				3F6F56192415D63900C5FD32 /* Resources */,
			);
			buildRules = (
			);
			dependencies = (
				3F6F561D2415D63900C5FD32 /* PBXTargetDependency */,
			);
			name = demoUITests;
			productName = demoUITests;
			productReference = 3F6F561B2415D63900C5FD32 /* demoUITests.xctest */;
			productType = "com.apple.product-type.bundle.ui-testing";
		};
/* End PBXNativeTarget section */

/* Begin PBXProject section */
		3F6F55ED2415D63800C5FD32 /* Project object */ = {
			isa = PBXProject;
			attributes = {
				LastUpgradeCheck = 1130;
				ORGANIZATIONNAME = jing;
				TargetAttributes = {
					3F6F55F42415D63800C5FD32 = {
						CreatedOnToolsVersion = 11.3;
					};
					3F6F560F2415D63900C5FD32 = {
						CreatedOnToolsVersion = 11.3;
						TestTargetID = 3F6F55F42415D63800C5FD32;
					};
					3F6F561A2415D63900C5FD32 = {
						CreatedOnToolsVersion = 11.3;
						TestTargetID = 3F6F55F42415D63800C5FD32;
					};
				};
			};
			buildConfigurationList = 3F6F55F02415D63800C5FD32 /* Build configuration list for PBXProject "demo" */;
			compatibilityVersion = "Xcode 9.3";
			developmentRegion = en;
			hasScannedForEncodings = 0;
			knownRegions = (
				en,
				Base,
			);
			mainGroup = 3F6F55EC2415D63800C5FD32;
			productRefGroup = 3F6F55F62415D63800C5FD32 /* Products */;
			projectDirPath = "";
			projectRoot = "";
			targets = (
				3F6F55F42415D63800C5FD32 /* demo */,
				3F6F560F2415D63900C5FD32 /* demoTests */,
				3F6F561A2415D63900C5FD32 /* demoUITests */,
			);
		};
/* End PBXProject section */

/* Begin PBXResourcesBuildPhase section */
		3F6F55F32415D63800C5FD32 /* Resources */ = {
			isa = PBXResourcesBuildPhase;
			buildActionMask = 2147483647;
			files = (
				3F6F56082415D63900C5FD32 /* LaunchScreen.storyboard in Resources */,
				3F6F56052415D63900C5FD32 /* Assets.xcassets in Resources */,
				3F6F56032415D63800C5FD32 /* Main.storyboard in Resources */,
			);
			runOnlyForDeploymentPostprocessing = 0;
		};
		3F6F560E2415D63900C5FD32 /* Resources */ = {
			isa = PBXResourcesBuildPhase;
			buildActionMask = 2147483647;
			files = (
			);
			runOnlyForDeploymentPostprocessing = 0;
		};
		3F6F56192415D63900C5FD32 /* Resources */ = {
			isa = PBXResourcesBuildPhase;
			buildActionMask = 2147483647;
			files = (
			);
			runOnlyForDeploymentPostprocessing = 0;
		};
/* End PBXResourcesBuildPhase section */

/* Begin PBXSourcesBuildPhase section */
		3F6F55F12415D63800C5FD32 /* Sources */ = {
			isa = PBXSourcesBuildPhase;
			buildActionMask = 2147483647;
			files = (
				3FF168C5256BF58000ACFF7A /* JYZJCircularCollectionViewLayout.m in Sources */,
				3F6F56002415D63800C5FD32 /* ViewController.m in Sources */,
				3FF168BF256BF37100ACFF7A /* UIView+Size.m in Sources */,
				3F6F55FA2415D63800C5FD32 /* AppDelegate.m in Sources */,
				3FF168CB256BF7EE00ACFF7A /* JYZJFormulaRecommendationView.m in Sources */,
				3F6F560B2415D63900C5FD32 /* main.m in Sources */,
				3FF168D0256BF88B00ACFF7A /* JYZJFormulaRightBackView.m in Sources */,
				3FF168C2256BF46300ACFF7A /* UIColor+HexColor.m in Sources */,
				3FF168C8256BF60900ACFF7A /* JYZJHotFormulaCell.m in Sources */,
			);
			runOnlyForDeploymentPostprocessing = 0;
		};
		3F6F560C2415D63900C5FD32 /* Sources */ = {
			isa = PBXSourcesBuildPhase;
			buildActionMask = 2147483647;
			files = (
				3F6F56152415D63900C5FD32 /* demoTests.m in Sources */,
			);
			runOnlyForDeploymentPostprocessing = 0;
		};
		3F6F56172415D63900C5FD32 /* Sources */ = {
			isa = PBXSourcesBuildPhase;
			buildActionMask = 2147483647;
			files = (
				3F6F56202415D63900C5FD32 /* demoUITests.m in Sources */,
			);
			runOnlyForDeploymentPostprocessing = 0;
		};
/* End PBXSourcesBuildPhase section */

/* Begin PBXTargetDependency section */
		3F6F56122415D63900C5FD32 /* PBXTargetDependency */ = {
			isa = PBXTargetDependency;
			target = 3F6F55F42415D63800C5FD32 /* demo */;
			targetProxy = 3F6F56112415D63900C5FD32 /* PBXContainerItemProxy */;
		};
		3F6F561D2415D63900C5FD32 /* PBXTargetDependency */ = {
			isa = PBXTargetDependency;
			target = 3F6F55F42415D63800C5FD32 /* demo */;
			targetProxy = 3F6F561C2415D63900C5FD32 /* PBXContainerItemProxy */;
		};
/* End PBXTargetDependency section */

/* Begin PBXVariantGroup section */
		3F6F56012415D63800C5FD32 /* Main.storyboard */ = {
			isa = PBXVariantGroup;
			children = (
				3F6F56022415D63800C5FD32 /* Base */,
			);
			name = Main.storyboard;
			sourceTree = "<group>";
		};
		3F6F56062415D63900C5FD32 /* LaunchScreen.storyboard */ = {
			isa = PBXVariantGroup;
			children = (
				3F6F56072415D63900C5FD32 /* Base */,
			);
			name = LaunchScreen.storyboard;
			sourceTree = "<group>";
		};
/* End PBXVariantGroup section */

/* Begin XCBuildConfiguration section */
		3F6F56222415D63900C5FD32 /* Debug */ = {
			isa = XCBuildConfiguration;
			buildSettings = {
				ALWAYS_SEARCH_USER_PATHS = NO;
				CLANG_ANALYZER_NONNULL = YES;
				CLANG_ANALYZER_NUMBER_OBJECT_CONVERSION = YES_AGGRESSIVE;
				CLANG_CXX_LANGUAGE_STANDARD = "gnu++14";
				CLANG_CXX_LIBRARY = "libc++";
				CLANG_ENABLE_MODULES = YES;
				CLANG_ENABLE_OBJC_ARC = YES;
				CLANG_ENABLE_OBJC_WEAK = YES;
				CLANG_WARN_BLOCK_CAPTURE_AUTORELEASING = YES;
				CLANG_WARN_BOOL_CONVERSION = YES;
				CLANG_WARN_COMMA = YES;
				CLANG_WARN_CONSTANT_CONVERSION = YES;
				CLANG_WARN_DEPRECATED_OBJC_IMPLEMENTATIONS = YES;
				CLANG_WARN_DIRECT_OBJC_ISA_USAGE = YES_ERROR;
				CLANG_WARN_DOCUMENTATION_COMMENTS = YES;
				CLANG_WARN_EMPTY_BODY = YES;
				CLANG_WARN_ENUM_CONVERSION = YES;
				CLANG_WARN_INFINITE_RECURSION = YES;
				CLANG_WARN_INT_CONVERSION = YES;
				CLANG_WARN_NON_LITERAL_NULL_CONVERSION = YES;
				CLANG_WARN_OBJC_IMPLICIT_RETAIN_SELF = YES;
				CLANG_WARN_OBJC_LITERAL_CONVERSION = YES;
				CLANG_WARN_OBJC_ROOT_CLASS = YES_ERROR;
				CLANG_WARN_RANGE_LOOP_ANALYSIS = YES;
				CLANG_WARN_STRICT_PROTOTYPES = YES;
				CLANG_WARN_SUSPICIOUS_MOVE = YES;
				CLANG_WARN_UNGUARDED_AVAILABILITY = YES_AGGRESSIVE;
				CLANG_WARN_UNREACHABLE_CODE = YES;
				CLANG_WARN__DUPLICATE_METHOD_MATCH = YES;
				COPY_PHASE_STRIP = NO;
				DEBUG_INFORMATION_FORMAT = dwarf;
				ENABLE_STRICT_OBJC_MSGSEND = YES;
				ENABLE_TESTABILITY = YES;
				GCC_C_LANGUAGE_STANDARD = gnu11;
				GCC_DYNAMIC_NO_PIC = NO;
				GCC_NO_COMMON_BLOCKS = YES;
				GCC_OPTIMIZATION_LEVEL = 0;
				GCC_PREPROCESSOR_DEFINITIONS = (
					"DEBUG=1",
					"$(inherited)",
				);
				GCC_WARN_64_TO_32_BIT_CONVERSION = YES;
				GCC_WARN_ABOUT_RETURN_TYPE = YES_ERROR;
				GCC_WARN_UNDECLARED_SELECTOR = YES;
				GCC_WARN_UNINITIALIZED_AUTOS = YES_AGGRESSIVE;
				GCC_WARN_UNUSED_FUNCTION = YES;
				GCC_WARN_UNUSED_VARIABLE = YES;
				IPHONEOS_DEPLOYMENT_TARGET = 13.2;
				MTL_ENABLE_DEBUG_INFO = INCLUDE_SOURCE;
				MTL_FAST_MATH = YES;
				ONLY_ACTIVE_ARCH = YES;
				SDKROOT = iphoneos;
			};
			name = Debug;
		};
		3F6F56232415D63900C5FD32 /* Release */ = {
			isa = XCBuildConfiguration;
			buildSettings = {
				ALWAYS_SEARCH_USER_PATHS = NO;
				CLANG_ANALYZER_NONNULL = YES;
				CLANG_ANALYZER_NUMBER_OBJECT_CONVERSION = YES_AGGRESSIVE;
				CLANG_CXX_LANGUAGE_STANDARD = "gnu++14";
				CLANG_CXX_LIBRARY = "libc++";
				CLANG_ENABLE_MODULES = YES;
				CLANG_ENABLE_OBJC_ARC = YES;
				CLANG_ENABLE_OBJC_WEAK = YES;
				CLANG_WARN_BLOCK_CAPTURE_AUTORELEASING = YES;
				CLANG_WARN_BOOL_CONVERSION = YES;
				CLANG_WARN_COMMA = YES;
				CLANG_WARN_CONSTANT_CONVERSION = YES;
				CLANG_WARN_DEPRECATED_OBJC_IMPLEMENTATIONS = YES;
				CLANG_WARN_DIRECT_OBJC_ISA_USAGE = YES_ERROR;
				CLANG_WARN_DOCUMENTATION_COMMENTS = YES;
				CLANG_WARN_EMPTY_BODY = YES;
				CLANG_WARN_ENUM_CONVERSION = YES;
				CLANG_WARN_INFINITE_RECURSION = YES;
				CLANG_WARN_INT_CONVERSION = YES;
				CLANG_WARN_NON_LITERAL_NULL_CONVERSION = YES;
				CLANG_WARN_OBJC_IMPLICIT_RETAIN_SELF = YES;
				CLANG_WARN_OBJC_LITERAL_CONVERSION = YES;
				CLANG_WARN_OBJC_ROOT_CLASS = YES_ERROR;
				CLANG_WARN_RANGE_LOOP_ANALYSIS = YES;
				CLANG_WARN_STRICT_PROTOTYPES = YES;
				CLANG_WARN_SUSPICIOUS_MOVE = YES;
				CLANG_WARN_UNGUARDED_AVAILABILITY = YES_AGGRESSIVE;
				CLANG_WARN_UNREACHABLE_CODE = YES;
				CLANG_WARN__DUPLICATE_METHOD_MATCH = YES;
				COPY_PHASE_STRIP = NO;
				DEBUG_INFORMATION_FORMAT = "dwarf-with-dsym";
				ENABLE_NS_ASSERTIONS = NO;
				ENABLE_STRICT_OBJC_MSGSEND = YES;
				GCC_C_LANGUAGE_STANDARD = gnu11;
				GCC_NO_COMMON_BLOCKS = YES;
				GCC_WARN_64_TO_32_BIT_CONVERSION = YES;
				GCC_WARN_ABOUT_RETURN_TYPE = YES_ERROR;
				GCC_WARN_UNDECLARED_SELECTOR = YES;
				GCC_WARN_UNINITIALIZED_AUTOS = YES_AGGRESSIVE;
				GCC_WARN_UNUSED_FUNCTION = YES;
				GCC_WARN_UNUSED_VARIABLE = YES;
				IPHONEOS_DEPLOYMENT_TARGET = 13.2;
				MTL_ENABLE_DEBUG_INFO = NO;
				MTL_FAST_MATH = YES;
				SDKROOT = iphoneos;
				VALIDATE_PRODUCT = YES;
			};
			name = Release;
		};
		3F6F56252415D63900C5FD32 /* Debug */ = {
			isa = XCBuildConfiguration;
			buildSettings = {
				ASSETCATALOG_COMPILER_APPICON_NAME = AppIcon;
				CODE_SIGN_STYLE = Automatic;
				GCC_PRECOMPILE_PREFIX_HEADER = YES;
				GCC_PREFIX_HEADER = demo/PrefixHeader.pch;
				INFOPLIST_FILE = demo/Info.plist;
				LD_RUNPATH_SEARCH_PATHS = (
					"$(inherited)",
					"@executable_path/Frameworks",
				);
				PRODUCT_BUNDLE_IDENTIFIER = ZJ.demo;
				PRODUCT_NAME = "$(TARGET_NAME)";
				TARGETED_DEVICE_FAMILY = "1,2";
			};
			name = Debug;
		};
		3F6F56262415D63900C5FD32 /* Release */ = {
			isa = XCBuildConfiguration;
			buildSettings = {
				ASSETCATALOG_COMPILER_APPICON_NAME = AppIcon;
				CODE_SIGN_STYLE = Automatic;
				GCC_PRECOMPILE_PREFIX_HEADER = YES;
				GCC_PREFIX_HEADER = demo/PrefixHeader.pch;
				INFOPLIST_FILE = demo/Info.plist;
				LD_RUNPATH_SEARCH_PATHS = (
					"$(inherited)",
					"@executable_path/Frameworks",
				);
				PRODUCT_BUNDLE_IDENTIFIER = ZJ.demo;
				PRODUCT_NAME = "$(TARGET_NAME)";
				TARGETED_DEVICE_FAMILY = "1,2";
			};
			name = Release;
		};
		3F6F56282415D63900C5FD32 /* Debug */ = {
			isa = XCBuildConfiguration;
			buildSettings = {
				BUNDLE_LOADER = "$(TEST_HOST)";
				CODE_SIGN_STYLE = Automatic;
				INFOPLIST_FILE = demoTests/Info.plist;
				IPHONEOS_DEPLOYMENT_TARGET = 13.2;
				LD_RUNPATH_SEARCH_PATHS = (
					"$(inherited)",
					"@executable_path/Frameworks",
					"@loader_path/Frameworks",
				);
				PRODUCT_BUNDLE_IDENTIFIER = ZJ.demoTests;
				PRODUCT_NAME = "$(TARGET_NAME)";
				TARGETED_DEVICE_FAMILY = "1,2";
				TEST_HOST = "$(BUILT_PRODUCTS_DIR)/demo.app/demo";
			};
			name = Debug;
		};
		3F6F56292415D63900C5FD32 /* Release */ = {
			isa = XCBuildConfiguration;
			buildSettings = {
				BUNDLE_LOADER = "$(TEST_HOST)";
				CODE_SIGN_STYLE = Automatic;
				INFOPLIST_FILE = demoTests/Info.plist;
				IPHONEOS_DEPLOYMENT_TARGET = 13.2;
				LD_RUNPATH_SEARCH_PATHS = (
					"$(inherited)",
					"@executable_path/Frameworks",
					"@loader_path/Frameworks",
				);
				PRODUCT_BUNDLE_IDENTIFIER = ZJ.demoTests;
				PRODUCT_NAME = "$(TARGET_NAME)";
				TARGETED_DEVICE_FAMILY = "1,2";
				TEST_HOST = "$(BUILT_PRODUCTS_DIR)/demo.app/demo";
			};
			name = Release;
		};
		3F6F562B2415D63900C5FD32 /* Debug */ = {
			isa = XCBuildConfiguration;
			buildSettings = {
				CODE_SIGN_STYLE = Automatic;
				INFOPLIST_FILE = demoUITests/Info.plist;
				LD_RUNPATH_SEARCH_PATHS = (
					"$(inherited)",
					"@executable_path/Frameworks",
					"@loader_path/Frameworks",
				);
				PRODUCT_BUNDLE_IDENTIFIER = ZJ.demoUITests;
				PRODUCT_NAME = "$(TARGET_NAME)";
				TARGETED_DEVICE_FAMILY = "1,2";
				TEST_TARGET_NAME = demo;
			};
			name = Debug;
		};
		3F6F562C2415D63900C5FD32 /* Release */ = {
			isa = XCBuildConfiguration;
			buildSettings = {
				CODE_SIGN_STYLE = Automatic;
				INFOPLIST_FILE = demoUITests/Info.plist;
				LD_RUNPATH_SEARCH_PATHS = (
					"$(inherited)",
					"@executable_path/Frameworks",
					"@loader_path/Frameworks",
				);
				PRODUCT_BUNDLE_IDENTIFIER = ZJ.demoUITests;
				PRODUCT_NAME = "$(TARGET_NAME)";
				TARGETED_DEVICE_FAMILY = "1,2";
				TEST_TARGET_NAME = demo;
			};
			name = Release;
		};
/* End XCBuildConfiguration section */

/* Begin XCConfigurationList section */
		3F6F55F02415D63800C5FD32 /* Build configuration list for PBXProject "demo" */ = {
			isa = XCConfigurationList;
			buildConfigurations = (
				3F6F56222415D63900C5FD32 /* Debug */,
				3F6F56232415D63900C5FD32 /* Release */,
			);
			defaultConfigurationIsVisible = 0;
			defaultConfigurationName = Release;
		};
		3F6F56242415D63900C5FD32 /* Build configuration list for PBXNativeTarget "demo" */ = {
			isa = XCConfigurationList;
			buildConfigurations = (
				3F6F56252415D63900C5FD32 /* Debug */,
				3F6F56262415D63900C5FD32 /* Release */,
			);
			defaultConfigurationIsVisible = 0;
			defaultConfigurationName = Release;
		};
		3F6F56272415D63900C5FD32 /* Build configuration list for PBXNativeTarget "demoTests" */ = {
			isa = XCConfigurationList;
			buildConfigurations = (
				3F6F56282415D63900C5FD32 /* Debug */,
				3F6F56292415D63900C5FD32 /* Release */,
			);
			defaultConfigurationIsVisible = 0;
			defaultConfigurationName = Release;
		};
		3F6F562A2415D63900C5FD32 /* Build configuration list for PBXNativeTarget "demoUITests" */ = {
			isa = XCConfigurationList;
			buildConfigurations = (
				3F6F562B2415D63900C5FD32 /* Debug */,
				3F6F562C2415D63900C5FD32 /* Release */,
			);
			defaultConfigurationIsVisible = 0;
			defaultConfigurationName = Release;
		};
/* End XCConfigurationList section */
	};
	rootObject = 3F6F55ED2415D63800C5FD32 /* Project object */;
}
